// !$*UTF8*$!
{
	archiveVersion = 1;
	classes = {
	};
	objectVersion = 56;
	objects = {

/* Begin PBXBuildFile section */
		149ECDB528E1C95A00BFCC02 /* AppDelegate.swift in Sources */ = {isa = PBXBuildFile; fileRef = 149ECDB428E1C95A00BFCC02 /* AppDelegate.swift */; };
		149ECDB728E1C95A00BFCC02 /* SceneDelegate.swift in Sources */ = {isa = PBXBuildFile; fileRef = 149ECDB628E1C95A00BFCC02 /* SceneDelegate.swift */; };
		149ECDB928E1C95A00BFCC02 /* ViewController.swift in Sources */ = {isa = PBXBuildFile; fileRef = 149ECDB828E1C95A00BFCC02 /* ViewController.swift */; };
		149ECDBC28E1C95A00BFCC02 /* Main.storyboard in Resources */ = {isa = PBXBuildFile; fileRef = 149ECDBA28E1C95A00BFCC02 /* Main.storyboard */; };
		149ECDBE28E1C97800BFCC02 /* Assets.xcassets in Resources */ = {isa = PBXBuildFile; fileRef = 149ECDBD28E1C97800BFCC02 /* Assets.xcassets */; };
		149ECDC128E1C97800BFCC02 /* LaunchScreen.storyboard in Resources */ = {isa = PBXBuildFile; fileRef = 149ECDBF28E1C97800BFCC02 /* LaunchScreen.storyboard */; };
		149ECDC928E207A500BFCC02 /* MoviesViewController.swift in Sources */ = {isa = PBXBuildFile; fileRef = 149ECDC828E207A500BFCC02 /* MoviesViewController.swift */; };
/* End PBXBuildFile section */

/* Begin PBXFileReference section */
		149ECDB128E1C95A00BFCC02 /* CoppelExam.app */ = {isa = PBXFileReference; explicitFileType = wrapper.application; includeInIndex = 0; path = CoppelExam.app; sourceTree = BUILT_PRODUCTS_DIR; };
		149ECDB428E1C95A00BFCC02 /* AppDelegate.swift */ = {isa = PBXFileReference; lastKnownFileType = sourcecode.swift; path = AppDelegate.swift; sourceTree = "<group>"; };
		149ECDB628E1C95A00BFCC02 /* SceneDelegate.swift */ = {isa = PBXFileReference; lastKnownFileType = sourcecode.swift; path = SceneDelegate.swift; sourceTree = "<group>"; };
		149ECDB828E1C95A00BFCC02 /* ViewController.swift */ = {isa = PBXFileReference; lastKnownFileType = sourcecode.swift; path = ViewController.swift; sourceTree = "<group>"; };
		149ECDBB28E1C95A00BFCC02 /* Base */ = {isa = PBXFileReference; lastKnownFileType = file.storyboard; name = Base; path = Base.lproj/Main.storyboard; sourceTree = "<group>"; };
		149ECDBD28E1C97800BFCC02 /* Assets.xcassets */ = {isa = PBXFileReference; lastKnownFileType = folder.assetcatalog; path = Assets.xcassets; sourceTree = "<group>"; };
		149ECDC028E1C97800BFCC02 /* Base */ = {isa = PBXFileReference; lastKnownFileType = file.storyboard; name = Base; path = Base.lproj/LaunchScreen.storyboard; sourceTree = "<group>"; };
		149ECDC228E1C97800BFCC02 /* Info.plist */ = {isa = PBXFileReference; lastKnownFileType = text.plist.xml; path = Info.plist; sourceTree = "<group>"; };
		149ECDC828E207A500BFCC02 /* MoviesViewController.swift */ = {isa = PBXFileReference; lastKnownFileType = sourcecode.swift; path = MoviesViewController.swift; sourceTree = "<group>"; };
/* End PBXFileReference section */

/* Begin PBXFrameworksBuildPhase section */
		149ECDAE28E1C95A00BFCC02 /* Frameworks */ = {
			isa = PBXFrameworksBuildPhase;
			buildActionMask = 2147483647;
			files = (
			);
			runOnlyForDeploymentPostprocessing = 0;
		};
/* End PBXFrameworksBuildPhase section */

/* Begin PBXGroup section */
		149ECDA828E1C95A00BFCC02 = {
			isa = PBXGroup;
			children = (
				149ECDB328E1C95A00BFCC02 /* CoppelExam */,
				149ECDB228E1C95A00BFCC02 /* Products */,
			);
			sourceTree = "<group>";
		};
		149ECDB228E1C95A00BFCC02 /* Products */ = {
			isa = PBXGroup;
			children = (
				149ECDB128E1C95A00BFCC02 /* CoppelExam.app */,
			);
			name = Products;
			sourceTree = "<group>";
		};
		149ECDB328E1C95A00BFCC02 /* CoppelExam */ = {
			isa = PBXGroup;
			children = (
				149ECDB428E1C95A00BFCC02 /* AppDelegate.swift */,
				149ECDB628E1C95A00BFCC02 /* SceneDelegate.swift */,
				149ECDB828E1C95A00BFCC02 /* ViewController.swift */,
				149ECDC828E207A500BFCC02 /* MoviesViewController.swift */,
				149ECDBA28E1C95A00BFCC02 /* Main.storyboard */,
				149ECDBD28E1C97800BFCC02 /* Assets.xcassets */,
				149ECDBF28E1C97800BFCC02 /* LaunchScreen.storyboard */,
				149ECDC228E1C97800BFCC02 /* Info.plist */,
			);
			path = CoppelExam;
			sourceTree = "<group>";
		};
/* End PBXGroup section */

/* Begin PBXNativeTarget section */
		149ECDB028E1C95A00BFCC02 /* CoppelExam */ = {
			isa = PBXNativeTarget;
			buildConfigurationList = 149ECDC528E1C97800BFCC02 /* Build configuration list for PBXNativeTarget "CoppelExam" */;
			buildPhases = (
				149ECDAD28E1C95A00BFCC02 /* Sources */,
				149ECDAE28E1C95A00BFCC02 /* Frameworks */,
				149ECDAF28E1C95A00BFCC02 /* Resources */,
			);
			buildRules = (
			);
			dependencies = (
			);
			name = CoppelExam;
			productName = CoppelExam;
			productReference = 149ECDB128E1C95A00BFCC02 /* CoppelExam.app */;
			productType = "com.apple.product-type.application";
		};
/* End PBXNativeTarget section */

/* Begin PBXProject section */
		149ECDA928E1C95A00BFCC02 /* Project object */ = {
			isa = PBXProject;
			attributes = {
				BuildIndependentTargetsInParallel = 1;
				LastSwiftUpdateCheck = 1400;
				LastUpgradeCheck = 1400;
				TargetAttributes = {
					149ECDB028E1C95A00BFCC02 = {
						CreatedOnToolsVersion = 14.0;
					};
				};
			};
			buildConfigurationList = 149ECDAC28E1C95A00BFCC02 /* Build configuration list for PBXProject "CoppelExam" */;
			compatibilityVersion = "Xcode 14.0";
			developmentRegion = en;
			hasScannedForEncodings = 0;
			knownRegions = (
				en,
				Base,
			);
			mainGroup = 149ECDA828E1C95A00BFCC02;
			productRefGroup = 149ECDB228E1C95A00BFCC02 /* Products */;
			projectDirPath = "";
			projectRoot = "";
			targets = (
				149ECDB028E1C95A00BFCC02 /* CoppelExam */,
			);
		};
/* End PBXProject section */

/* Begin PBXResourcesBuildPhase section */
		149ECDAF28E1C95A00BFCC02 /* Resources */ = {
			isa = PBXResourcesBuildPhase;
			buildActionMask = 2147483647;
			files = (
				149ECDC128E1C97800BFCC02 /* LaunchScreen.storyboard in Resources */,
				149ECDBE28E1C97800BFCC02 /* Assets.xcassets in Resources */,
				149ECDBC28E1C95A00BFCC02 /* Main.storyboard in Resources */,
			);
			runOnlyForDeploymentPostprocessing = 0;
		};
/* End PBXResourcesBuildPhase section */

/* Begin PBXSourcesBuildPhase section */
		149ECDAD28E1C95A00BFCC02 /* Sources */ = {
			isa = PBXSourcesBuildPhase;
			buildActionMask = 2147483647;
			files = (
				149ECDB928E1C95A00BFCC02 /* ViewController.swift in Sources */,
				149ECDB528E1C95A00BFCC02 /* AppDelegate.swift in Sources */,
				149ECDB728E1C95A00BFCC02 /* SceneDelegate.swift in Sources */,
				149ECDC928E207A500BFCC02 /* MoviesViewController.swift in Sources */,
			);
			runOnlyForDeploymentPostprocessing = 0;
		};
/* End PBXSourcesBuildPhase section */

/* Begin PBXVariantGroup section */
		149ECDBA28E1C95A00BFCC02 /* Main.storyboard */ = {
			isa = PBXVariantGroup;
			children = (
				149ECDBB28E1C95A00BFCC02 /* Base */,
			);
			name = Main.storyboard;
			sourceTree = "<group>";
		};
		149ECDBF28E1C97800BFCC02 /* LaunchScreen.storyboard */ = {
			isa = PBXVariantGroup;
			children = (
				149ECDC028E1C97800BFCC02 /* Base */,
			);
			name = LaunchScreen.storyboard;
			sourceTree = "<group>";
		};
/* End PBXVariantGroup section */

/* Begin XCBuildConfiguration section */
		149ECDC328E1C97800BFCC02 /* Debug */ = {
			isa = XCBuildConfiguration;
			buildSettings = {
				ALWAYS_SEARCH_USER_PATHS = NO;
				CLANG_ANALYZER_NONNULL = YES;
				CLANG_ANALYZER_NUMBER_OBJECT_CONVERSION = YES_AGGRESSIVE;
				CLANG_CXX_LANGUAGE_STANDARD = "gnu++20";
				CLANG_ENABLE_MODULES = YES;
				CLANG_ENABLE_OBJC_ARC = YES;
				CLANG_ENABLE_OBJC_WEAK = YES;
				CLANG_WARN_BLOCK_CAPTURE_AUTORELEASING = YES;
				CLANG_WARN_BOOL_CONVERSION = YES;
				CLANG_WARN_COMMA = YES;
				CLANG_WARN_CONSTANT_CONVERSION = YES;
				CLANG_WARN_DEPRECATED_OBJC_IMPLEMENTATIONS = YES;
				CLANG_WARN_DIRECT_OBJC_ISA_USAGE = YES_ERROR;
				CLANG_WARN_DOCUMENTATION_COMMENTS = YES;
				CLANG_WARN_EMPTY_BODY = YES;
				CLANG_WARN_ENUM_CONVERSION = YES;
				CLANG_WARN_INFINITE_RECURSION = YES;
				CLANG_WARN_INT_CONVERSION = YES;
				CLANG_WARN_NON_LITERAL_NULL_CONVERSION = YES;
				CLANG_WARN_OBJC_IMPLICIT_RETAIN_SELF = YES;
				CLANG_WARN_OBJC_LITERAL_CONVERSION = YES;
				CLANG_WARN_OBJC_ROOT_CLASS = YES_ERROR;
				CLANG_WARN_QUOTED_INCLUDE_IN_FRAMEWORK_HEADER = YES;
				CLANG_WARN_RANGE_LOOP_ANALYSIS = YES;
				CLANG_WARN_STRICT_PROTOTYPES = YES;
				CLANG_WARN_SUSPICIOUS_MOVE = YES;
				CLANG_WARN_UNGUARDED_AVAILABILITY = YES_AGGRESSIVE;
				CLANG_WARN_UNREACHABLE_CODE = YES;
				CLANG_WARN__DUPLICATE_METHOD_MATCH = YES;
				COPY_PHASE_STRIP = NO;
				DEBUG_INFORMATION_FORMAT = dwarf;
				ENABLE_STRICT_OBJC_MSGSEND = YES;
				ENABLE_TESTABILITY = YES;
				GCC_C_LANGUAGE_STANDARD = gnu11;
				GCC_DYNAMIC_NO_PIC = NO;
				GCC_NO_COMMON_BLOCKS = YES;
				GCC_OPTIMIZATION_LEVEL = 0;
				GCC_PREPROCESSOR_DEFINITIONS = (
					"DEBUG=1",
					"$(inherited)",
				);
				GCC_WARN_64_TO_32_BIT_CONVERSION = YES;
				GCC_WARN_ABOUT_RETURN_TYPE = YES_ERROR;
				GCC_WARN_UNDECLARED_SELECTOR = YES;
				GCC_WARN_UNINITIALIZED_AUTOS = YES_AGGRESSIVE;
				GCC_WARN_UNUSED_FUNCTION = YES;
				GCC_WARN_UNUSED_VARIABLE = YES;
				IPHONEOS_DEPLOYMENT_TARGET = 16.0;
				MTL_ENABLE_DEBUG_INFO = INCLUDE_SOURCE;
				MTL_FAST_MATH = YES;
				ONLY_ACTIVE_ARCH = YES;
				SDKROOT = iphoneos;
				SWIFT_ACTIVE_COMPILATION_CONDITIONS = DEBUG;
				SWIFT_OPTIMIZATION_LEVEL = "-Onone";
			};
			name = Debug;
		};
		149ECDC428E1C97800BFCC02 /* Release */ = {
			isa = XCBuildConfiguration;
			buildSettings = {
				ALWAYS_SEARCH_USER_PATHS = NO;
				CLANG_ANALYZER_NONNULL = YES;
				CLANG_ANALYZER_NUMBER_OBJECT_CONVERSION = YES_AGGRESSIVE;
				CLANG_CXX_LANGUAGE_STANDARD = "gnu++20";
				CLANG_ENABLE_MODULES = YES;
				CLANG_ENABLE_OBJC_ARC = YES;
				CLANG_ENABLE_OBJC_WEAK = YES;
				CLANG_WARN_BLOCK_CAPTURE_AUTORELEASING = YES;
				CLANG_WARN_BOOL_CONVERSION = YES;
				CLANG_WARN_COMMA = YES;
				CLANG_WARN_CONSTANT_CONVERSION = YES;
				CLANG_WARN_DEPRECATED_OBJC_IMPLEMENTATIONS = YES;
				CLANG_WARN_DIRECT_OBJC_ISA_USAGE = YES_ERROR;
				CLANG_WARN_DOCUMENTATION_COMMENTS = YES;
				CLANG_WARN_EMPTY_BODY = YES;
				CLANG_WARN_ENUM_CONVERSION = YES;
				CLANG_WARN_INFINITE_RECURSION = YES;
				CLANG_WARN_INT_CONVERSION = YES;
				CLANG_WARN_NON_LITERAL_NULL_CONVERSION = YES;
				CLANG_WARN_OBJC_IMPLICIT_RETAIN_SELF = YES;
				CLANG_WARN_OBJC_LITERAL_CONVERSION = YES;
				CLANG_WARN_OBJC_ROOT_CLASS = YES_ERROR;
				CLANG_WARN_QUOTED_INCLUDE_IN_FRAMEWORK_HEADER = YES;
				CLANG_WARN_RANGE_LOOP_ANALYSIS = YES;
				CLANG_WARN_STRICT_PROTOTYPES = YES;
				CLANG_WARN_SUSPICIOUS_MOVE = YES;
				CLANG_WARN_UNGUARDED_AVAILABILITY = YES_AGGRESSIVE;
				CLANG_WARN_UNREACHABLE_CODE = YES;
				CLANG_WARN__DUPLICATE_METHOD_MATCH = YES;
				COPY_PHASE_STRIP = NO;
				DEBUG_INFORMATION_FORMAT = "dwarf-with-dsym";
				ENABLE_NS_ASSERTIONS = NO;
				ENABLE_STRICT_OBJC_MSGSEND = YES;
				GCC_C_LANGUAGE_STANDARD = gnu11;
				GCC_NO_COMMON_BLOCKS = YES;
				GCC_WARN_64_TO_32_BIT_CONVERSION = YES;
				GCC_WARN_ABOUT_RETURN_TYPE = YES_ERROR;
				GCC_WARN_UNDECLARED_SELECTOR = YES;
				GCC_WARN_UNINITIALIZED_AUTOS = YES_AGGRESSIVE;
				GCC_WARN_UNUSED_FUNCTION = YES;
				GCC_WARN_UNUSED_VARIABLE = YES;
				IPHONEOS_DEPLOYMENT_TARGET = 16.0;
				MTL_ENABLE_DEBUG_INFO = NO;
				MTL_FAST_MATH = YES;
				SDKROOT = iphoneos;
				SWIFT_COMPILATION_MODE = wholemodule;
				SWIFT_OPTIMIZATION_LEVEL = "-O";
				VALIDATE_PRODUCT = YES;
			};
			name = Release;
		};
		149ECDC628E1C97800BFCC02 /* Debug */ = {
			isa = XCBuildConfiguration;
			buildSettings = {
				ASSETCATALOG_COMPILER_APPICON_NAME = AppIcon;
				ASSETCATALOG_COMPILER_GLOBAL_ACCENT_COLOR_NAME = AccentColor;
				CODE_SIGN_STYLE = Automatic;
				CURRENT_PROJECT_VERSION = 1;
				DEVELOPMENT_TEAM = WH37MXXQPM;
				GENERATE_INFOPLIST_FILE = YES;
				INFOPLIST_FILE = CoppelExam/Info.plist;
				INFOPLIST_KEY_UIApplicationSupportsIndirectInputEvents = YES;
				INFOPLIST_KEY_UILaunchStoryboardName = LaunchScreen;
				INFOPLIST_KEY_UIMainStoryboardFile = Main;
				INFOPLIST_KEY_UISupportedInterfaceOrientations_iPad = "UIInterfaceOrientationPortrait UIInterfaceOrientationPortraitUpsideDown UIInterfaceOrientationLandscapeLeft UIInterfaceOrientationLandscapeRight";
				INFOPLIST_KEY_UISupportedInterfaceOrientations_iPhone = "UIInterfaceOrientationPortrait UIInterfaceOrientationLandscapeLeft UIInterfaceOrientationLandscapeRight";
				LD_RUNPATH_SEARCH_PATHS = (
					"$(inherited)",
					"@executable_path/Frameworks",
				);
				MARKETING_VERSION = 1.0;
				PRODUCT_BUNDLE_IDENTIFIER = ideapp.com.mx.CoppelExam;
				PRODUCT_NAME = "$(TARGET_NAME)";
				SWIFT_EMIT_LOC_STRINGS = YES;
				SWIFT_VERSION = 5.0;
				TARGETED_DEVICE_FAMILY = "1,2";
			};
			name = Debug;
		};
		149ECDC728E1C97800BFCC02 /* Release */ = {
			isa = XCBuildConfiguration;
			buildSettings = {
				ASSETCATALOG_COMPILER_APPICON_NAME = AppIcon;
				ASSETCATALOG_COMPILER_GLOBAL_ACCENT_COLOR_NAME = AccentColor;
				CODE_SIGN_STYLE = Automatic;
				CURRENT_PROJECT_VERSION = 1;
				DEVELOPMENT_TEAM = WH37MXXQPM;
				GENERATE_INFOPLIST_FILE = YES;
				INFOPLIST_FILE = CoppelExam/Info.plist;
				INFOPLIST_KEY_UIApplicationSupportsIndirectInputEvents = YES;
				INFOPLIST_KEY_UILaunchStoryboardName = LaunchScreen;
				INFOPLIST_KEY_UIMainStoryboardFile = Main;
				INFOPLIST_KEY_UISupportedInterfaceOrientations_iPad = "UIInterfaceOrientationPortrait UIInterfaceOrientationPortraitUpsideDown UIInterfaceOrientationLandscapeLeft UIInterfaceOrientationLandscapeRight";
				INFOPLIST_KEY_UISupportedInterfaceOrientations_iPhone = "UIInterfaceOrientationPortrait UIInterfaceOrientationLandscapeLeft UIInterfaceOrientationLandscapeRight";
				LD_RUNPATH_SEARCH_PATHS = (
					"$(inherited)",
					"@executable_path/Frameworks",
				);
				MARKETING_VERSION = 1.0;
				PRODUCT_BUNDLE_IDENTIFIER = ideapp.com.mx.CoppelExam;
				PRODUCT_NAME = "$(TARGET_NAME)";
				SWIFT_EMIT_LOC_STRINGS = YES;
				SWIFT_VERSION = 5.0;
				TARGETED_DEVICE_FAMILY = "1,2";
			};
			name = Release;
		};
/* End XCBuildConfiguration section */

/* Begin XCConfigurationList section */
		149ECDAC28E1C95A00BFCC02 /* Build configuration list for PBXProject "CoppelExam" */ = {
			isa = XCConfigurationList;
			buildConfigurations = (
				149ECDC328E1C97800BFCC02 /* Debug */,
				149ECDC428E1C97800BFCC02 /* Release */,
			);
			defaultConfigurationIsVisible = 0;
			defaultConfigurationName = Release;
		};
		149ECDC528E1C97800BFCC02 /* Build configuration list for PBXNativeTarget "CoppelExam" */ = {
			isa = XCConfigurationList;
			buildConfigurations = (
				149ECDC628E1C97800BFCC02 /* Debug */,
				149ECDC728E1C97800BFCC02 /* Release */,
			);
			defaultConfigurationIsVisible = 0;
			defaultConfigurationName = Release;
		};
/* End XCConfigurationList section */
	};
	rootObject = 149ECDA928E1C95A00BFCC02 /* Project object */;
}
